{
  "name": "tablediff",
  "version": "1.0.0",
  "lockfileVersion": 1,
  "requires": true,
  "dependencies": {
    "rangex": {
      "version": "1.0.1",
      "resolved": "https://registry.npmjs.org/rangex/-/rangex-1.0.1.tgz",
      "integrity": "sha512-q4jY6CF0UB8ZJ4oWJS72wLGujOkn9SYPpSxJsCkRvjQbc9q5YBRLLdAOO1EgQLFyU2CzrVTi/XIjiTauaRNXaQ=="
    }
  }
}
